PODS:
  - Alamofire (3.4.0)
  - KILabel (1.0.1)
  - OAuthSwift (0.5.2)
  - SwiftyJSON (2.3.2)
  - SWTableViewCell (0.3.7)

DEPENDENCIES:
  - Alamofire
  - KILabel (= 1.0.1)
  - OAuthSwift
  - SwiftyJSON (from `https://github.com/SwiftyJSON/SwiftyJSON.git`)
  - SWTableViewCell (~> 0.3.7)

EXTERNAL SOURCES:
  SwiftyJSON:
    :git: https://github.com/SwiftyJSON/SwiftyJSON.git

CHECKOUT OPTIONS:
  SwiftyJSON:
    :commit: 2a5b70f06001316d4fb54501edc70b4084705da0
    :git: https://github.com/SwiftyJSON/SwiftyJSON.git

SPEC CHECKSUMS:
  Alamofire: c19a627cefd6a95f840401c49ab1f124e07f54ee
  KILabel: 4797807cdc0b4992dad8bf91175ddc973c3b569b
  OAuthSwift: 1ef042d4362e755e24a78f158d817245641a5d24
  SwiftyJSON: 04ccea08915aa0109039157c7974cf0298da292a
  SWTableViewCell: 2a94aadc9d47b2b611fa064566bf57948b95b579

PODFILE CHECKSUM: 026cfb58d7d7d88efbd4266f3dd7bf4fd1604610

COCOAPODS: 1.0.1
